
Microsoft Visual Studio Solution File, Format Version 12.00
# Visual Studio Version 17
VisualStudioVersion = 17.2.32630.192
MinimumVisualStudioVersion = 10.0.40219.1
Project("{FAE04EC0-301F-11D3-BF4B-00C04F79EFBC}") = "ProjectMiniBlog", "ProjectMiniBlog.csproj", "{2663D20D-FC61-44A9-8D6A-21E272A7E8E2}"
EndProject
Global
	GlobalSection(SolutionConfigurationPlatforms) = preSolution
		Debug|Any CPU = Debug|Any CPU
		Release|Any CPU = Release|Any CPU
	EndGlobalSection
	GlobalSection(ProjectConfigurationPlatforms) = postSolution
		{2663D20D-FC61-44A9-8D6A-21E272A7E8E2}.Debug|Any CPU.ActiveCfg = Debug|Any CPU
		{2663D20D-FC61-44A9-8D6A-21E272A7E8E2}.Debug|Any CPU.Build.0 = Debug|Any CPU
		{2663D20D-FC61-44A9-8D6A-21E272A7E8E2}.Release|Any CPU.ActiveCfg = Release|Any CPU
		{2663D20D-FC61-44A9-8D6A-21E272A7E8E2}.Release|Any CPU.Build.0 = Release|Any CPU
	EndGlobalSection
	GlobalSection(SolutionProperties) = preSolution
		HideSolutionNode = FALSE
	EndGlobalSection
	GlobalSection(ExtensibilityGlobals) = postSolution
		SolutionGuid = {D84A6D4B-A8AF-4148-8D89-81E8E4908671}
	EndGlobalSection
EndGlobal
